// !$*UTF8*$!
{
	archiveVersion = 1;
	classes = {
	};
	objectVersion = 56;
	objects = {

/* Begin PBXBuildFile section */
		65DFDF2B2A1BD19000F7BA86 /* ArbuzApp.xcdatamodeld in Sources */ = {isa = PBXBuildFile; fileRef = 65DFDF292A1BD19000F7BA86 /* ArbuzApp.xcdatamodeld */; };
		65DFDF3D2A1BD1E600F7BA86 /* DataManager.swift in Sources */ = {isa = PBXBuildFile; fileRef = 65DFDF3A2A1BD1E600F7BA86 /* DataManager.swift */; };
		65DFDF3E2A1BD1E600F7BA86 /* AppDelegate.swift in Sources */ = {isa = PBXBuildFile; fileRef = 65DFDF3B2A1BD1E600F7BA86 /* AppDelegate.swift */; };
		65DFDF3F2A1BD1E600F7BA86 /* SceneDelegate.swift in Sources */ = {isa = PBXBuildFile; fileRef = 65DFDF3C2A1BD1E600F7BA86 /* SceneDelegate.swift */; };
		65DFDF412A1BD1FD00F7BA86 /* Assets.xcassets in Resources */ = {isa = PBXBuildFile; fileRef = 65DFDF402A1BD1FD00F7BA86 /* Assets.xcassets */; };
		65DFDF5E2A1BD21100F7BA86 /* BucketViewController.swift in Sources */ = {isa = PBXBuildFile; fileRef = 65DFDF442A1BD21100F7BA86 /* BucketViewController.swift */; };
		65DFDF5F2A1BD21100F7BA86 /* BucketPresenter.swift in Sources */ = {isa = PBXBuildFile; fileRef = 65DFDF452A1BD21100F7BA86 /* BucketPresenter.swift */; };
		65DFDF602A1BD21100F7BA86 /* BucketTableViewCell.swift in Sources */ = {isa = PBXBuildFile; fileRef = 65DFDF462A1BD21100F7BA86 /* BucketTableViewCell.swift */; };
		65DFDF612A1BD21100F7BA86 /* ProductDetailsViewProtocol.swift in Sources */ = {isa = PBXBuildFile; fileRef = 65DFDF492A1BD21100F7BA86 /* ProductDetailsViewProtocol.swift */; };
		65DFDF622A1BD21100F7BA86 /* ProductDetailsViewController.swift in Sources */ = {isa = PBXBuildFile; fileRef = 65DFDF4A2A1BD21100F7BA86 /* ProductDetailsViewController.swift */; };
		65DFDF632A1BD21100F7BA86 /* ProductDetailsPresenter.swift in Sources */ = {isa = PBXBuildFile; fileRef = 65DFDF4B2A1BD21100F7BA86 /* ProductDetailsPresenter.swift */; };
		65DFDF642A1BD21100F7BA86 /* CataloguePresenter.swift in Sources */ = {isa = PBXBuildFile; fileRef = 65DFDF4E2A1BD21100F7BA86 /* CataloguePresenter.swift */; };
		65DFDF652A1BD21100F7BA86 /* CataloguePresenterProtocol.swift in Sources */ = {isa = PBXBuildFile; fileRef = 65DFDF4F2A1BD21100F7BA86 /* CataloguePresenterProtocol.swift */; };
		65DFDF662A1BD21100F7BA86 /* CatalogueViewProtocol.swift in Sources */ = {isa = PBXBuildFile; fileRef = 65DFDF512A1BD21100F7BA86 /* CatalogueViewProtocol.swift */; };
		65DFDF672A1BD21100F7BA86 /* PosterCollectionView.swift in Sources */ = {isa = PBXBuildFile; fileRef = 65DFDF532A1BD21100F7BA86 /* PosterCollectionView.swift */; };
		65DFDF682A1BD21100F7BA86 /* PosterCollectionViewCell.swift in Sources */ = {isa = PBXBuildFile; fileRef = 65DFDF542A1BD21100F7BA86 /* PosterCollectionViewCell.swift */; };
		65DFDF692A1BD21100F7BA86 /* CatalogueSectionsCollectionView.swift in Sources */ = {isa = PBXBuildFile; fileRef = 65DFDF552A1BD21100F7BA86 /* CatalogueSectionsCollectionView.swift */; };
		65DFDF6A2A1BD21100F7BA86 /* ProductCollectionViewCell.swift in Sources */ = {isa = PBXBuildFile; fileRef = 65DFDF562A1BD21100F7BA86 /* ProductCollectionViewCell.swift */; };
		65DFDF6B2A1BD21100F7BA86 /* SectionHeader.swift in Sources */ = {isa = PBXBuildFile; fileRef = 65DFDF572A1BD21100F7BA86 /* SectionHeader.swift */; };
		65DFDF6C2A1BD21100F7BA86 /* CatalogueViewController.swift in Sources */ = {isa = PBXBuildFile; fileRef = 65DFDF582A1BD21100F7BA86 /* CatalogueViewController.swift */; };
		65DFDF6D2A1BD21100F7BA86 /* Product.swift in Sources */ = {isa = PBXBuildFile; fileRef = 65DFDF5A2A1BD21100F7BA86 /* Product.swift */; };
		65DFDF6E2A1BD21100F7BA86 /* ProductList.swift in Sources */ = {isa = PBXBuildFile; fileRef = 65DFDF5B2A1BD21100F7BA86 /* ProductList.swift */; };
		65DFDF6F2A1BD21100F7BA86 /* TabBarViewController.swift in Sources */ = {isa = PBXBuildFile; fileRef = 65DFDF5C2A1BD21100F7BA86 /* TabBarViewController.swift */; };
		65DFDF702A1BD21100F7BA86 /* MainAssembly.swift in Sources */ = {isa = PBXBuildFile; fileRef = 65DFDF5D2A1BD21100F7BA86 /* MainAssembly.swift */; };
		65DFDF732A1BD25B00F7BA86 /* SnapKit in Frameworks */ = {isa = PBXBuildFile; productRef = 65DFDF722A1BD25B00F7BA86 /* SnapKit */; };
/* End PBXBuildFile section */

/* Begin PBXFileReference section */
		65DFDF1D2A1BD18F00F7BA86 /* ArbuzApp.app */ = {isa = PBXFileReference; explicitFileType = wrapper.application; includeInIndex = 0; path = ArbuzApp.app; sourceTree = BUILT_PRODUCTS_DIR; };
		65DFDF2A2A1BD19000F7BA86 /* ArbuzApp.xcdatamodel */ = {isa = PBXFileReference; lastKnownFileType = wrapper.xcdatamodel; path = ArbuzApp.xcdatamodel; sourceTree = "<group>"; };
		65DFDF312A1BD19000F7BA86 /* Info.plist */ = {isa = PBXFileReference; lastKnownFileType = text.plist.xml; path = Info.plist; sourceTree = "<group>"; };
		65DFDF3A2A1BD1E600F7BA86 /* DataManager.swift */ = {isa = PBXFileReference; fileEncoding = 4; lastKnownFileType = sourcecode.swift; path = DataManager.swift; sourceTree = "<group>"; };
		65DFDF3B2A1BD1E600F7BA86 /* AppDelegate.swift */ = {isa = PBXFileReference; fileEncoding = 4; lastKnownFileType = sourcecode.swift; path = AppDelegate.swift; sourceTree = "<group>"; };
		65DFDF3C2A1BD1E600F7BA86 /* SceneDelegate.swift */ = {isa = PBXFileReference; fileEncoding = 4; lastKnownFileType = sourcecode.swift; path = SceneDelegate.swift; sourceTree = "<group>"; };
		65DFDF402A1BD1FD00F7BA86 /* Assets.xcassets */ = {isa = PBXFileReference; lastKnownFileType = folder.assetcatalog; path = Assets.xcassets; sourceTree = "<group>"; };
		65DFDF442A1BD21100F7BA86 /* BucketViewController.swift */ = {isa = PBXFileReference; fileEncoding = 4; lastKnownFileType = sourcecode.swift; path = BucketViewController.swift; sourceTree = "<group>"; };
		65DFDF452A1BD21100F7BA86 /* BucketPresenter.swift */ = {isa = PBXFileReference; fileEncoding = 4; lastKnownFileType = sourcecode.swift; path = BucketPresenter.swift; sourceTree = "<group>"; };
		65DFDF462A1BD21100F7BA86 /* BucketTableViewCell.swift */ = {isa = PBXFileReference; fileEncoding = 4; lastKnownFileType = sourcecode.swift; path = BucketTableViewCell.swift; sourceTree = "<group>"; };
		65DFDF492A1BD21100F7BA86 /* ProductDetailsViewProtocol.swift */ = {isa = PBXFileReference; fileEncoding = 4; lastKnownFileType = sourcecode.swift; path = ProductDetailsViewProtocol.swift; sourceTree = "<group>"; };
		65DFDF4A2A1BD21100F7BA86 /* ProductDetailsViewController.swift */ = {isa = PBXFileReference; fileEncoding = 4; lastKnownFileType = sourcecode.swift; path = ProductDetailsViewController.swift; sourceTree = "<group>"; };
		65DFDF4B2A1BD21100F7BA86 /* ProductDetailsPresenter.swift */ = {isa = PBXFileReference; fileEncoding = 4; lastKnownFileType = sourcecode.swift; path = ProductDetailsPresenter.swift; sourceTree = "<group>"; };
		65DFDF4E2A1BD21100F7BA86 /* CataloguePresenter.swift */ = {isa = PBXFileReference; fileEncoding = 4; lastKnownFileType = sourcecode.swift; path = CataloguePresenter.swift; sourceTree = "<group>"; };
		65DFDF4F2A1BD21100F7BA86 /* CataloguePresenterProtocol.swift */ = {isa = PBXFileReference; fileEncoding = 4; lastKnownFileType = sourcecode.swift; path = CataloguePresenterProtocol.swift; sourceTree = "<group>"; };
		65DFDF512A1BD21100F7BA86 /* CatalogueViewProtocol.swift */ = {isa = PBXFileReference; fileEncoding = 4; lastKnownFileType = sourcecode.swift; path = CatalogueViewProtocol.swift; sourceTree = "<group>"; };
		65DFDF532A1BD21100F7BA86 /* PosterCollectionView.swift */ = {isa = PBXFileReference; fileEncoding = 4; lastKnownFileType = sourcecode.swift; path = PosterCollectionView.swift; sourceTree = "<group>"; };
		65DFDF542A1BD21100F7BA86 /* PosterCollectionViewCell.swift */ = {isa = PBXFileReference; fileEncoding = 4; lastKnownFileType = sourcecode.swift; path = PosterCollectionViewCell.swift; sourceTree = "<group>"; };
		65DFDF552A1BD21100F7BA86 /* CatalogueSectionsCollectionView.swift */ = {isa = PBXFileReference; fileEncoding = 4; lastKnownFileType = sourcecode.swift; path = CatalogueSectionsCollectionView.swift; sourceTree = "<group>"; };
		65DFDF562A1BD21100F7BA86 /* ProductCollectionViewCell.swift */ = {isa = PBXFileReference; fileEncoding = 4; lastKnownFileType = sourcecode.swift; path = ProductCollectionViewCell.swift; sourceTree = "<group>"; };
		65DFDF572A1BD21100F7BA86 /* SectionHeader.swift */ = {isa = PBXFileReference; fileEncoding = 4; lastKnownFileType = sourcecode.swift; path = SectionHeader.swift; sourceTree = "<group>"; };
		65DFDF582A1BD21100F7BA86 /* CatalogueViewController.swift */ = {isa = PBXFileReference; fileEncoding = 4; lastKnownFileType = sourcecode.swift; path = CatalogueViewController.swift; sourceTree = "<group>"; };
		65DFDF5A2A1BD21100F7BA86 /* Product.swift */ = {isa = PBXFileReference; fileEncoding = 4; lastKnownFileType = sourcecode.swift; path = Product.swift; sourceTree = "<group>"; };
		65DFDF5B2A1BD21100F7BA86 /* ProductList.swift */ = {isa = PBXFileReference; fileEncoding = 4; lastKnownFileType = sourcecode.swift; path = ProductList.swift; sourceTree = "<group>"; };
		65DFDF5C2A1BD21100F7BA86 /* TabBarViewController.swift */ = {isa = PBXFileReference; fileEncoding = 4; lastKnownFileType = sourcecode.swift; path = TabBarViewController.swift; sourceTree = "<group>"; };
		65DFDF5D2A1BD21100F7BA86 /* MainAssembly.swift */ = {isa = PBXFileReference; fileEncoding = 4; lastKnownFileType = sourcecode.swift; path = MainAssembly.swift; sourceTree = "<group>"; };
/* End PBXFileReference section */

/* Begin PBXFrameworksBuildPhase section */
		65DFDF1A2A1BD18F00F7BA86 /* Frameworks */ = {
			isa = PBXFrameworksBuildPhase;
			buildActionMask = 2147483647;
			files = (
				65DFDF732A1BD25B00F7BA86 /* SnapKit in Frameworks */,
			);
			runOnlyForDeploymentPostprocessing = 0;
		};
/* End PBXFrameworksBuildPhase section */

/* Begin PBXGroup section */
		65DFDF142A1BD18F00F7BA86 = {
			isa = PBXGroup;
			children = (
				65DFDF1F2A1BD18F00F7BA86 /* ArbuzApp */,
				65DFDF1E2A1BD18F00F7BA86 /* Products */,
			);
			sourceTree = "<group>";
		};
		65DFDF1E2A1BD18F00F7BA86 /* Products */ = {
			isa = PBXGroup;
			children = (
				65DFDF1D2A1BD18F00F7BA86 /* ArbuzApp.app */,
			);
			name = Products;
			sourceTree = "<group>";
		};
		65DFDF1F2A1BD18F00F7BA86 /* ArbuzApp */ = {
			isa = PBXGroup;
			children = (
				65DFDF392A1BD1E600F7BA86 /* Resources */,
				65DFDF422A1BD21100F7BA86 /* Moduls */,
				65DFDF312A1BD19000F7BA86 /* Info.plist */,
				65DFDF402A1BD1FD00F7BA86 /* Assets.xcassets */,
				65DFDF292A1BD19000F7BA86 /* ArbuzApp.xcdatamodeld */,
			);
			path = ArbuzApp;
			sourceTree = "<group>";
		};
		65DFDF392A1BD1E600F7BA86 /* Resources */ = {
			isa = PBXGroup;
			children = (
				65DFDF3A2A1BD1E600F7BA86 /* DataManager.swift */,
				65DFDF3B2A1BD1E600F7BA86 /* AppDelegate.swift */,
				65DFDF3C2A1BD1E600F7BA86 /* SceneDelegate.swift */,
			);
			path = Resources;
			sourceTree = "<group>";
		};
		65DFDF422A1BD21100F7BA86 /* Moduls */ = {
			isa = PBXGroup;
			children = (
				65DFDF432A1BD21100F7BA86 /* BucketList */,
				65DFDF472A1BD21100F7BA86 /* Catalog */,
				65DFDF592A1BD21100F7BA86 /* Model */,
				65DFDF5C2A1BD21100F7BA86 /* TabBarViewController.swift */,
				65DFDF5D2A1BD21100F7BA86 /* MainAssembly.swift */,
			);
			path = Moduls;
			sourceTree = "<group>";
		};
		65DFDF432A1BD21100F7BA86 /* BucketList */ = {
			isa = PBXGroup;
			children = (
				65DFDF442A1BD21100F7BA86 /* BucketViewController.swift */,
				65DFDF452A1BD21100F7BA86 /* BucketPresenter.swift */,
				65DFDF462A1BD21100F7BA86 /* BucketTableViewCell.swift */,
			);
			path = BucketList;
			sourceTree = "<group>";
		};
		65DFDF472A1BD21100F7BA86 /* Catalog */ = {
			isa = PBXGroup;
			children = (
				65DFDF482A1BD21100F7BA86 /* ProductDetails */,
				65DFDF4C2A1BD21100F7BA86 /* Catalogue */,
			);
			path = Catalog;
			sourceTree = "<group>";
		};
		65DFDF482A1BD21100F7BA86 /* ProductDetails */ = {
			isa = PBXGroup;
			children = (
				65DFDF492A1BD21100F7BA86 /* ProductDetailsViewProtocol.swift */,
				65DFDF4A2A1BD21100F7BA86 /* ProductDetailsViewController.swift */,
				65DFDF4B2A1BD21100F7BA86 /* ProductDetailsPresenter.swift */,
			);
			path = ProductDetails;
			sourceTree = "<group>";
		};
		65DFDF4C2A1BD21100F7BA86 /* Catalogue */ = {
			isa = PBXGroup;
			children = (
				65DFDF4D2A1BD21100F7BA86 /* Presenter */,
				65DFDF502A1BD21100F7BA86 /* View */,
			);
			path = Catalogue;
			sourceTree = "<group>";
		};
		65DFDF4D2A1BD21100F7BA86 /* Presenter */ = {
			isa = PBXGroup;
			children = (
				65DFDF4E2A1BD21100F7BA86 /* CataloguePresenter.swift */,
				65DFDF4F2A1BD21100F7BA86 /* CataloguePresenterProtocol.swift */,
			);
			path = Presenter;
			sourceTree = "<group>";
		};
		65DFDF502A1BD21100F7BA86 /* View */ = {
			isa = PBXGroup;
			children = (
				65DFDF512A1BD21100F7BA86 /* CatalogueViewProtocol.swift */,
				65DFDF522A1BD21100F7BA86 /* CatalogueCells */,
				65DFDF582A1BD21100F7BA86 /* CatalogueViewController.swift */,
			);
			path = View;
			sourceTree = "<group>";
		};
		65DFDF522A1BD21100F7BA86 /* CatalogueCells */ = {
			isa = PBXGroup;
			children = (
				65DFDF532A1BD21100F7BA86 /* PosterCollectionView.swift */,
				65DFDF542A1BD21100F7BA86 /* PosterCollectionViewCell.swift */,
				65DFDF552A1BD21100F7BA86 /* CatalogueSectionsCollectionView.swift */,
				65DFDF562A1BD21100F7BA86 /* ProductCollectionViewCell.swift */,
				65DFDF572A1BD21100F7BA86 /* SectionHeader.swift */,
			);
			path = CatalogueCells;
			sourceTree = "<group>";
		};
		65DFDF592A1BD21100F7BA86 /* Model */ = {
			isa = PBXGroup;
			children = (
				65DFDF5A2A1BD21100F7BA86 /* Product.swift */,
				65DFDF5B2A1BD21100F7BA86 /* ProductList.swift */,
			);
			path = Model;
			sourceTree = "<group>";
		};
/* End PBXGroup section */

/* Begin PBXNativeTarget section */
		65DFDF1C2A1BD18F00F7BA86 /* ArbuzApp */ = {
			isa = PBXNativeTarget;
			buildConfigurationList = 65DFDF342A1BD19000F7BA86 /* Build configuration list for PBXNativeTarget "ArbuzApp" */;
			buildPhases = (
				65DFDF192A1BD18F00F7BA86 /* Sources */,
				65DFDF1A2A1BD18F00F7BA86 /* Frameworks */,
				65DFDF1B2A1BD18F00F7BA86 /* Resources */,
			);
			buildRules = (
			);
			dependencies = (
			);
			name = ArbuzApp;
			packageProductDependencies = (
				65DFDF722A1BD25B00F7BA86 /* SnapKit */,
			);
			productName = ArbuzApp;
			productReference = 65DFDF1D2A1BD18F00F7BA86 /* ArbuzApp.app */;
			productType = "com.apple.product-type.application";
		};
/* End PBXNativeTarget section */

/* Begin PBXProject section */
		65DFDF152A1BD18F00F7BA86 /* Project object */ = {
			isa = PBXProject;
			attributes = {
				BuildIndependentTargetsInParallel = 1;
				LastSwiftUpdateCheck = 1420;
				LastUpgradeCheck = 1420;
				TargetAttributes = {
					65DFDF1C2A1BD18F00F7BA86 = {
						CreatedOnToolsVersion = 14.2;
					};
				};
			};
			buildConfigurationList = 65DFDF182A1BD18F00F7BA86 /* Build configuration list for PBXProject "ArbuzApp" */;
			compatibilityVersion = "Xcode 14.0";
			developmentRegion = en;
			hasScannedForEncodings = 0;
			knownRegions = (
				en,
				Base,
			);
			mainGroup = 65DFDF142A1BD18F00F7BA86;
			packageReferences = (
				65DFDF712A1BD25B00F7BA86 /* XCRemoteSwiftPackageReference "SnapKit" */,
			);
			productRefGroup = 65DFDF1E2A1BD18F00F7BA86 /* Products */;
			projectDirPath = "";
			projectRoot = "";
			targets = (
				65DFDF1C2A1BD18F00F7BA86 /* ArbuzApp */,
			);
		};
/* End PBXProject section */

/* Begin PBXResourcesBuildPhase section */
		65DFDF1B2A1BD18F00F7BA86 /* Resources */ = {
			isa = PBXResourcesBuildPhase;
			buildActionMask = 2147483647;
			files = (
				65DFDF412A1BD1FD00F7BA86 /* Assets.xcassets in Resources */,
			);
			runOnlyForDeploymentPostprocessing = 0;
		};
/* End PBXResourcesBuildPhase section */

/* Begin PBXSourcesBuildPhase section */
		65DFDF192A1BD18F00F7BA86 /* Sources */ = {
			isa = PBXSourcesBuildPhase;
			buildActionMask = 2147483647;
			files = (
				65DFDF602A1BD21100F7BA86 /* BucketTableViewCell.swift in Sources */,
				65DFDF3E2A1BD1E600F7BA86 /* AppDelegate.swift in Sources */,
				65DFDF6F2A1BD21100F7BA86 /* TabBarViewController.swift in Sources */,
				65DFDF642A1BD21100F7BA86 /* CataloguePresenter.swift in Sources */,
				65DFDF3F2A1BD1E600F7BA86 /* SceneDelegate.swift in Sources */,
				65DFDF692A1BD21100F7BA86 /* CatalogueSectionsCollectionView.swift in Sources */,
				65DFDF5F2A1BD21100F7BA86 /* BucketPresenter.swift in Sources */,
				65DFDF3D2A1BD1E600F7BA86 /* DataManager.swift in Sources */,
				65DFDF2B2A1BD19000F7BA86 /* ArbuzApp.xcdatamodeld in Sources */,
				65DFDF622A1BD21100F7BA86 /* ProductDetailsViewController.swift in Sources */,
				65DFDF652A1BD21100F7BA86 /* CataloguePresenterProtocol.swift in Sources */,
				65DFDF682A1BD21100F7BA86 /* PosterCollectionViewCell.swift in Sources */,
				65DFDF672A1BD21100F7BA86 /* PosterCollectionView.swift in Sources */,
				65DFDF632A1BD21100F7BA86 /* ProductDetailsPresenter.swift in Sources */,
				65DFDF612A1BD21100F7BA86 /* ProductDetailsViewProtocol.swift in Sources */,
				65DFDF6B2A1BD21100F7BA86 /* SectionHeader.swift in Sources */,
				65DFDF5E2A1BD21100F7BA86 /* BucketViewController.swift in Sources */,
				65DFDF6A2A1BD21100F7BA86 /* ProductCollectionViewCell.swift in Sources */,
				65DFDF6D2A1BD21100F7BA86 /* Product.swift in Sources */,
				65DFDF6E2A1BD21100F7BA86 /* ProductList.swift in Sources */,
				65DFDF6C2A1BD21100F7BA86 /* CatalogueViewController.swift in Sources */,
				65DFDF662A1BD21100F7BA86 /* CatalogueViewProtocol.swift in Sources */,
				65DFDF702A1BD21100F7BA86 /* MainAssembly.swift in Sources */,
			);
			runOnlyForDeploymentPostprocessing = 0;
		};
/* End PBXSourcesBuildPhase section */

/* Begin XCBuildConfiguration section */
		65DFDF322A1BD19000F7BA86 /* Debug */ = {
			isa = XCBuildConfiguration;
			buildSettings = {
				ALWAYS_SEARCH_USER_PATHS = NO;
				CLANG_ANALYZER_NONNULL = YES;
				CLANG_ANALYZER_NUMBER_OBJECT_CONVERSION = YES_AGGRESSIVE;
				CLANG_CXX_LANGUAGE_STANDARD = "gnu++20";
				CLANG_ENABLE_MODULES = YES;
				CLANG_ENABLE_OBJC_ARC = YES;
				CLANG_ENABLE_OBJC_WEAK = YES;
				CLANG_WARN_BLOCK_CAPTURE_AUTORELEASING = YES;
				CLANG_WARN_BOOL_CONVERSION = YES;
				CLANG_WARN_COMMA = YES;
				CLANG_WARN_CONSTANT_CONVERSION = YES;
				CLANG_WARN_DEPRECATED_OBJC_IMPLEMENTATIONS = YES;
				CLANG_WARN_DIRECT_OBJC_ISA_USAGE = YES_ERROR;
				CLANG_WARN_DOCUMENTATION_COMMENTS = YES;
				CLANG_WARN_EMPTY_BODY = YES;
				CLANG_WARN_ENUM_CONVERSION = YES;
				CLANG_WARN_INFINITE_RECURSION = YES;
				CLANG_WARN_INT_CONVERSION = YES;
				CLANG_WARN_NON_LITERAL_NULL_CONVERSION = YES;
				CLANG_WARN_OBJC_IMPLICIT_RETAIN_SELF = YES;
				CLANG_WARN_OBJC_LITERAL_CONVERSION = YES;
				CLANG_WARN_OBJC_ROOT_CLASS = YES_ERROR;
				CLANG_WARN_QUOTED_INCLUDE_IN_FRAMEWORK_HEADER = YES;
				CLANG_WARN_RANGE_LOOP_ANALYSIS = YES;
				CLANG_WARN_STRICT_PROTOTYPES = YES;
				CLANG_WARN_SUSPICIOUS_MOVE = YES;
				CLANG_WARN_UNGUARDED_AVAILABILITY = YES_AGGRESSIVE;
				CLANG_WARN_UNREACHABLE_CODE = YES;
				CLANG_WARN__DUPLICATE_METHOD_MATCH = YES;
				COPY_PHASE_STRIP = NO;
				DEBUG_INFORMATION_FORMAT = dwarf;
				ENABLE_STRICT_OBJC_MSGSEND = YES;
				ENABLE_TESTABILITY = YES;
				GCC_C_LANGUAGE_STANDARD = gnu11;
				GCC_DYNAMIC_NO_PIC = NO;
				GCC_NO_COMMON_BLOCKS = YES;
				GCC_OPTIMIZATION_LEVEL = 0;
				GCC_PREPROCESSOR_DEFINITIONS = (
					"DEBUG=1",
					"$(inherited)",
				);
				GCC_WARN_64_TO_32_BIT_CONVERSION = YES;
				GCC_WARN_ABOUT_RETURN_TYPE = YES_ERROR;
				GCC_WARN_UNDECLARED_SELECTOR = YES;
				GCC_WARN_UNINITIALIZED_AUTOS = YES_AGGRESSIVE;
				GCC_WARN_UNUSED_FUNCTION = YES;
				GCC_WARN_UNUSED_VARIABLE = YES;
				IPHONEOS_DEPLOYMENT_TARGET = 16.2;
				MTL_ENABLE_DEBUG_INFO = INCLUDE_SOURCE;
				MTL_FAST_MATH = YES;
				ONLY_ACTIVE_ARCH = YES;
				SDKROOT = iphoneos;
				SWIFT_ACTIVE_COMPILATION_CONDITIONS = DEBUG;
				SWIFT_OPTIMIZATION_LEVEL = "-Onone";
			};
			name = Debug;
		};
		65DFDF332A1BD19000F7BA86 /* Release */ = {
			isa = XCBuildConfiguration;
			buildSettings = {
				ALWAYS_SEARCH_USER_PATHS = NO;
				CLANG_ANALYZER_NONNULL = YES;
				CLANG_ANALYZER_NUMBER_OBJECT_CONVERSION = YES_AGGRESSIVE;
				CLANG_CXX_LANGUAGE_STANDARD = "gnu++20";
				CLANG_ENABLE_MODULES = YES;
				CLANG_ENABLE_OBJC_ARC = YES;
				CLANG_ENABLE_OBJC_WEAK = YES;
				CLANG_WARN_BLOCK_CAPTURE_AUTORELEASING = YES;
				CLANG_WARN_BOOL_CONVERSION = YES;
				CLANG_WARN_COMMA = YES;
				CLANG_WARN_CONSTANT_CONVERSION = YES;
				CLANG_WARN_DEPRECATED_OBJC_IMPLEMENTATIONS = YES;
				CLANG_WARN_DIRECT_OBJC_ISA_USAGE = YES_ERROR;
				CLANG_WARN_DOCUMENTATION_COMMENTS = YES;
				CLANG_WARN_EMPTY_BODY = YES;
				CLANG_WARN_ENUM_CONVERSION = YES;
				CLANG_WARN_INFINITE_RECURSION = YES;
				CLANG_WARN_INT_CONVERSION = YES;
				CLANG_WARN_NON_LITERAL_NULL_CONVERSION = YES;
				CLANG_WARN_OBJC_IMPLICIT_RETAIN_SELF = YES;
				CLANG_WARN_OBJC_LITERAL_CONVERSION = YES;
				CLANG_WARN_OBJC_ROOT_CLASS = YES_ERROR;
				CLANG_WARN_QUOTED_INCLUDE_IN_FRAMEWORK_HEADER = YES;
				CLANG_WARN_RANGE_LOOP_ANALYSIS = YES;
				CLANG_WARN_STRICT_PROTOTYPES = YES;
				CLANG_WARN_SUSPICIOUS_MOVE = YES;
				CLANG_WARN_UNGUARDED_AVAILABILITY = YES_AGGRESSIVE;
				CLANG_WARN_UNREACHABLE_CODE = YES;
				CLANG_WARN__DUPLICATE_METHOD_MATCH = YES;
				COPY_PHASE_STRIP = NO;
				DEBUG_INFORMATION_FORMAT = "dwarf-with-dsym";
				ENABLE_NS_ASSERTIONS = NO;
				ENABLE_STRICT_OBJC_MSGSEND = YES;
				GCC_C_LANGUAGE_STANDARD = gnu11;
				GCC_NO_COMMON_BLOCKS = YES;
				GCC_WARN_64_TO_32_BIT_CONVERSION = YES;
				GCC_WARN_ABOUT_RETURN_TYPE = YES_ERROR;
				GCC_WARN_UNDECLARED_SELECTOR = YES;
				GCC_WARN_UNINITIALIZED_AUTOS = YES_AGGRESSIVE;
				GCC_WARN_UNUSED_FUNCTION = YES;
				GCC_WARN_UNUSED_VARIABLE = YES;
				IPHONEOS_DEPLOYMENT_TARGET = 16.2;
				MTL_ENABLE_DEBUG_INFO = NO;
				MTL_FAST_MATH = YES;
				SDKROOT = iphoneos;
				SWIFT_COMPILATION_MODE = wholemodule;
				SWIFT_OPTIMIZATION_LEVEL = "-O";
				VALIDATE_PRODUCT = YES;
			};
			name = Release;
		};
		65DFDF352A1BD19000F7BA86 /* Debug */ = {
			isa = XCBuildConfiguration;
			buildSettings = {
				ASSETCATALOG_COMPILER_APPICON_NAME = AppIcon;
				ASSETCATALOG_COMPILER_GLOBAL_ACCENT_COLOR_NAME = AccentColor;
				CODE_SIGN_STYLE = Automatic;
				CURRENT_PROJECT_VERSION = 1;
				GENERATE_INFOPLIST_FILE = YES;
				INFOPLIST_FILE = ArbuzApp/Info.plist;
				INFOPLIST_KEY_UIApplicationSupportsIndirectInputEvents = YES;
				INFOPLIST_KEY_UILaunchStoryboardName = LaunchScreen;
				INFOPLIST_KEY_UISupportedInterfaceOrientations_iPad = "UIInterfaceOrientationPortrait UIInterfaceOrientationPortraitUpsideDown UIInterfaceOrientationLandscapeLeft UIInterfaceOrientationLandscapeRight";
				INFOPLIST_KEY_UISupportedInterfaceOrientations_iPhone = "UIInterfaceOrientationPortrait UIInterfaceOrientationLandscapeLeft UIInterfaceOrientationLandscapeRight";
				LD_RUNPATH_SEARCH_PATHS = (
					"$(inherited)",
					"@executable_path/Frameworks",
				);
				MARKETING_VERSION = 1.0;
				PRODUCT_BUNDLE_IDENTIFIER = unknown.ArbuzApp;
				PRODUCT_NAME = "$(TARGET_NAME)";
				SWIFT_EMIT_LOC_STRINGS = YES;
				SWIFT_VERSION = 5.0;
				TARGETED_DEVICE_FAMILY = "1,2";
			};
			name = Debug;
		};
		65DFDF362A1BD19000F7BA86 /* Release */ = {
			isa = XCBuildConfiguration;
			buildSettings = {
				ASSETCATALOG_COMPILER_APPICON_NAME = AppIcon;
				ASSETCATALOG_COMPILER_GLOBAL_ACCENT_COLOR_NAME = AccentColor;
				CODE_SIGN_STYLE = Automatic;
				CURRENT_PROJECT_VERSION = 1;
				GENERATE_INFOPLIST_FILE = YES;
				INFOPLIST_FILE = ArbuzApp/Info.plist;
				INFOPLIST_KEY_UIApplicationSupportsIndirectInputEvents = YES;
				INFOPLIST_KEY_UILaunchStoryboardName = LaunchScreen;
				INFOPLIST_KEY_UISupportedInterfaceOrientations_iPad = "UIInterfaceOrientationPortrait UIInterfaceOrientationPortraitUpsideDown UIInterfaceOrientationLandscapeLeft UIInterfaceOrientationLandscapeRight";
				INFOPLIST_KEY_UISupportedInterfaceOrientations_iPhone = "UIInterfaceOrientationPortrait UIInterfaceOrientationLandscapeLeft UIInterfaceOrientationLandscapeRight";
				LD_RUNPATH_SEARCH_PATHS = (
					"$(inherited)",
					"@executable_path/Frameworks",
				);
				MARKETING_VERSION = 1.0;
				PRODUCT_BUNDLE_IDENTIFIER = unknown.ArbuzApp;
				PRODUCT_NAME = "$(TARGET_NAME)";
				SWIFT_EMIT_LOC_STRINGS = YES;
				SWIFT_VERSION = 5.0;
				TARGETED_DEVICE_FAMILY = "1,2";
			};
			name = Release;
		};
/* End XCBuildConfiguration section */

/* Begin XCConfigurationList section */
		65DFDF182A1BD18F00F7BA86 /* Build configuration list for PBXProject "ArbuzApp" */ = {
			isa = XCConfigurationList;
			buildConfigurations = (
				65DFDF322A1BD19000F7BA86 /* Debug */,
				65DFDF332A1BD19000F7BA86 /* Release */,
			);
			defaultConfigurationIsVisible = 0;
			defaultConfigurationName = Release;
		};
		65DFDF342A1BD19000F7BA86 /* Build configuration list for PBXNativeTarget "ArbuzApp" */ = {
			isa = XCConfigurationList;
			buildConfigurations = (
				65DFDF352A1BD19000F7BA86 /* Debug */,
				65DFDF362A1BD19000F7BA86 /* Release */,
			);
			defaultConfigurationIsVisible = 0;
			defaultConfigurationName = Release;
		};
/* End XCConfigurationList section */

/* Begin XCRemoteSwiftPackageReference section */
		65DFDF712A1BD25B00F7BA86 /* XCRemoteSwiftPackageReference "SnapKit" */ = {
			isa = XCRemoteSwiftPackageReference;
			repositoryURL = "https://github.com/SnapKit/SnapKit.git";
			requirement = {
				branch = develop;
				kind = branch;
			};
		};
/* End XCRemoteSwiftPackageReference section */

/* Begin XCSwiftPackageProductDependency section */
		65DFDF722A1BD25B00F7BA86 /* SnapKit */ = {
			isa = XCSwiftPackageProductDependency;
			package = 65DFDF712A1BD25B00F7BA86 /* XCRemoteSwiftPackageReference "SnapKit" */;
			productName = SnapKit;
		};
/* End XCSwiftPackageProductDependency section */

/* Begin XCVersionGroup section */
		65DFDF292A1BD19000F7BA86 /* ArbuzApp.xcdatamodeld */ = {
			isa = XCVersionGroup;
			children = (
				65DFDF2A2A1BD19000F7BA86 /* ArbuzApp.xcdatamodel */,
			);
			currentVersion = 65DFDF2A2A1BD19000F7BA86 /* ArbuzApp.xcdatamodel */;
			path = ArbuzApp.xcdatamodeld;
			sourceTree = "<group>";
			versionGroupType = wrapper.xcdatamodel;
		};
/* End XCVersionGroup section */
	};
	rootObject = 65DFDF152A1BD18F00F7BA86 /* Project object */;
}
